{
  "version": "2",
  "remote": {
    "https://deno.land/std@0.152.0/fmt/colors.ts": "6f9340b7fb8cc25a993a99e5efc56fe81bb5af284ff412129dd06df06f53c0b4",
    "https://deno.land/std@0.152.0/testing/_diff.ts": "029a00560b0d534bc0046f1bce4bd36b3b41ada3f2a3178c85686eb2ff5f1413",
    "https://deno.land/std@0.152.0/testing/_format.ts": "0d8dc79eab15b67cdc532826213bbe05bccfd276ca473a50a3fc7bbfb7260642",
    "https://deno.land/std@0.152.0/testing/asserts.ts": "093735c88f52bbead7f60a1f7a97a2ce4df3c2d5fab00a46956f20b4a5793ccd",
    "https://deno.land/std@0.160.0/_util/assert.ts": "e94f2eb37cebd7f199952e242c77654e43333c1ac4c5c700e929ea3aa5489f74",
    "https://deno.land/std@0.160.0/_util/os.ts": "8a33345f74990e627b9dfe2de9b040004b08ea5146c7c9e8fe9a29070d193934",
    "https://deno.land/std@0.160.0/async/abortable.ts": "87aa7230be8360c24ad437212311c9e8d4328854baec27b4c7abb26e85515c06",
    "https://deno.land/std@0.160.0/async/deadline.ts": "48ac998d7564969f3e6ec6b6f9bf0217ebd00239b1b2292feba61272d5dd58d0",
    "https://deno.land/std@0.160.0/async/debounce.ts": "dc8b92d4a4fe7eac32c924f2b8d3e62112530db70cadce27042689d82970b350",
    "https://deno.land/std@0.160.0/async/deferred.ts": "d8fb253ffde2a056e4889ef7e90f3928f28be9f9294b6505773d33f136aab4e6",
    "https://deno.land/std@0.160.0/async/delay.ts": "0419dfc993752849692d1f9647edf13407c7facc3509b099381be99ffbc9d699",
    "https://deno.land/std@0.160.0/async/mod.ts": "dd0a8ed4f3984ffabe2fcca7c9f466b7932d57b1864ffee148a5d5388316db6b",
    "https://deno.land/std@0.160.0/async/mux_async_iterator.ts": "3447b28a2a582224a3d4d3596bccbba6e85040da3b97ed64012f7decce98d093",
    "https://deno.land/std@0.160.0/async/pool.ts": "ef9eb97b388543acbf0ac32647121e4dbe629236899586c4d4311a8770fbb239",
    "https://deno.land/std@0.160.0/async/tee.ts": "9af3a3e7612af75861308b52249e167f5ebc3dcfc8a1a4d45462d96606ee2b70",
    "https://deno.land/std@0.160.0/bytes/bytes_list.ts": "aba5e2369e77d426b10af1de0dcc4531acecec27f9b9056f4f7bfbf8ac147ab4",
    "https://deno.land/std@0.160.0/bytes/equals.ts": "3c3558c3ae85526f84510aa2b48ab2ad7bdd899e2e0f5b7a8ffc85acb3a6043a",
    "https://deno.land/std@0.160.0/bytes/mod.ts": "b2e342fd3669176a27a4e15061e9d588b89c1aaf5008ab71766e23669565d179",
    "https://deno.land/std@0.160.0/encoding/base64.ts": "c57868ca7fa2fbe919f57f88a623ad34e3d970d675bdc1ff3a9d02bba7409db2",
    "https://deno.land/std@0.160.0/encoding/base64url.ts": "a5f82a9fa703bd85a5eb8e7c1296bc6529e601ebd9642cc2b5eaa6b38fa9e05a",
    "https://deno.land/std@0.160.0/fmt/colors.ts": "9e36a716611dcd2e4865adea9c4bec916b5c60caad4cdcdc630d4974e6bb8bd4",
    "https://deno.land/std@0.160.0/io/buffer.ts": "fae02290f52301c4e0188670e730cd902f9307fb732d79c4aa14ebdc82497289",
    "https://deno.land/std@0.160.0/io/types.d.ts": "107e1e64834c5ba917c783f446b407d33432c5d612c4b3430df64fc2b4ecf091",
    "https://deno.land/std@0.160.0/node/_utils.ts": "3d5462910bafe08a79797fefedfde5cc743702b4d24e2d13b9c47c1603d9d33d",
    "https://deno.land/std@0.160.0/node/buffer.ts": "43f07b2d1523345bf35b7deb7fcdad6e916020a631a7bc1b5efcaff556db4e1d",
    "https://deno.land/std@0.160.0/node/internal/buffer.d.ts": "90f674081428a61978b6d481c5f557ff743a3f4a85d7ae113caab48fdf5b8a63",
    "https://deno.land/std@0.160.0/node/internal/buffer.mjs": "70b74b34f1617b3492aee6dec35c7bdabbf26e034bfcf640aa61b3d63c5c850f",
    "https://deno.land/std@0.160.0/node/internal/crypto/_keys.ts": "7f993ece8c8e94a292944518cf4173521c6bf01785e75be014cd45a9cc2e4ad5",
    "https://deno.land/std@0.160.0/node/internal/crypto/constants.ts": "d2c8821977aef55e4d66414d623c24a2447791a8b49b6404b8db32d81e20c315",
    "https://deno.land/std@0.160.0/node/internal/error_codes.ts": "ac03c4eae33de3a69d6c98e8678003207eecf75a6900eb847e3fea3c8c9e6d8f",
    "https://deno.land/std@0.160.0/node/internal/errors.ts": "1b65ad547acb9a8501d87409cbebb0d26d9879c9de9458ee6ea9aa5a71fdbe9f",
    "https://deno.land/std@0.160.0/node/internal/hide_stack_frames.ts": "a91962ec84610bc7ec86022c4593cdf688156a5910c07b5bcd71994225c13a03",
    "https://deno.land/std@0.160.0/node/internal/normalize_encoding.mjs": "3779ec8a7adf5d963b0224f9b85d1bc974a2ec2db0e858396b5d3c2c92138a0a",
    "https://deno.land/std@0.160.0/node/internal/primordials.mjs": "7cf5afe471583e4a384eeea109bdff276b6b7f3a3af830f99f951fb7d57ef423",
    "https://deno.land/std@0.160.0/node/internal/util.mjs": "35d24fb775468cd24443bcf0ec68904b8aa44e5b53845491a5e3382421917f9a",
    "https://deno.land/std@0.160.0/node/internal/util/inspect.mjs": "1ddace0c97719d2cc0869ba177d375e96051301352ec235cbfb2ecbfcd4e8fba",
    "https://deno.land/std@0.160.0/node/internal/util/types.ts": "de6e2b7f9b9985ab881b1e78f05ae51d1fc829ae1584063df21e57b35312f3c4",
    "https://deno.land/std@0.160.0/node/internal/validators.mjs": "67deae0f488d013c8bf485742a5478112b8e48837cb2458c4a8b2669cf7017db",
    "https://deno.land/std@0.160.0/node/internal_binding/_libuv_winerror.ts": "801e05c2742ae6cd42a5f0fd555a255a7308a65732551e962e5345f55eedc519",
    "https://deno.land/std@0.160.0/node/internal_binding/_node.ts": "e4075ba8a37aef4eb5b592c8e3807c39cb49ca8653faf8e01a43421938076c1b",
    "https://deno.land/std@0.160.0/node/internal_binding/_utils.ts": "1c50883b5751a9ea1b38951e62ed63bacfdc9d69ea665292edfa28e1b1c5bd94",
    "https://deno.land/std@0.160.0/node/internal_binding/_winerror.ts": "8811d4be66f918c165370b619259c1f35e8c3e458b8539db64c704fbde0a7cd2",
    "https://deno.land/std@0.160.0/node/internal_binding/buffer.ts": "781e1d13adc924864e6e37ecb5152e8a4e994cf394695136e451c47f00bda76c",
    "https://deno.land/std@0.160.0/node/internal_binding/constants.ts": "f4afc504137fb21f3908ab549931604968dfa62432b285a0874f41c4cade9ed2",
    "https://deno.land/std@0.160.0/node/internal_binding/string_decoder.ts": "5cb1863763d1e9b458bc21d6f976f16d9c18b3b3f57eaf0ade120aee38fba227",
    "https://deno.land/std@0.160.0/node/internal_binding/types.ts": "4c26fb74ba2e45de553c15014c916df6789529a93171e450d5afb016b4c765e7",
    "https://deno.land/std@0.160.0/node/internal_binding/util.ts": "faf5146c3cc3b2d6c26026a818b4a16e91488ab26e63c069f36ba3c3ae24c97b",
    "https://deno.land/std@0.160.0/node/internal_binding/uv.ts": "8c5b971a7e5e66584274fcb8aab958a6b3d5a6232ee8b3dec09b24047d6c008d",
    "https://deno.land/std@0.160.0/streams/conversion.ts": "328afbedee0a7e0c330ac4c7b4c1af569ee53974f970230f6a78f545b93abb9b",
    "https://deno.land/std@0.160.0/testing/_diff.ts": "a23e7fc2b4d8daa3e158fa06856bedf5334ce2a2831e8bf9e509717f455adb2c",
    "https://deno.land/std@0.160.0/testing/_format.ts": "cd11136e1797791045e639e9f0f4640d5b4166148796cad37e6ef75f7d7f3832",
    "https://deno.land/std@0.160.0/testing/asserts.ts": "1e340c589853e82e0807629ba31a43c84ebdcdeca910c4a9705715dfdb0f5ce8",
    "https://deno.land/std@0.166.0/_util/asserts.ts": "d0844e9b62510f89ce1f9878b046f6a57bf88f208a10304aab50efcb48365272",
    "https://deno.land/std@0.166.0/_util/os.ts": "8a33345f74990e627b9dfe2de9b040004b08ea5146c7c9e8fe9a29070d193934",
    "https://deno.land/std@0.166.0/async/abortable.ts": "87aa7230be8360c24ad437212311c9e8d4328854baec27b4c7abb26e85515c06",
    "https://deno.land/std@0.166.0/async/deadline.ts": "48ac998d7564969f3e6ec6b6f9bf0217ebd00239b1b2292feba61272d5dd58d0",
    "https://deno.land/std@0.166.0/async/debounce.ts": "dc8b92d4a4fe7eac32c924f2b8d3e62112530db70cadce27042689d82970b350",
    "https://deno.land/std@0.166.0/async/deferred.ts": "d8fb253ffde2a056e4889ef7e90f3928f28be9f9294b6505773d33f136aab4e6",
    "https://deno.land/std@0.166.0/async/delay.ts": "0419dfc993752849692d1f9647edf13407c7facc3509b099381be99ffbc9d699",
    "https://deno.land/std@0.166.0/async/mod.ts": "dd0a8ed4f3984ffabe2fcca7c9f466b7932d57b1864ffee148a5d5388316db6b",
    "https://deno.land/std@0.166.0/async/mux_async_iterator.ts": "3447b28a2a582224a3d4d3596bccbba6e85040da3b97ed64012f7decce98d093",
    "https://deno.land/std@0.166.0/async/pool.ts": "ef9eb97b388543acbf0ac32647121e4dbe629236899586c4d4311a8770fbb239",
    "https://deno.land/std@0.166.0/async/tee.ts": "9af3a3e7612af75861308b52249e167f5ebc3dcfc8a1a4d45462d96606ee2b70",
    "https://deno.land/std@0.166.0/bytes/bytes_list.ts": "aba5e2369e77d426b10af1de0dcc4531acecec27f9b9056f4f7bfbf8ac147ab4",
    "https://deno.land/std@0.166.0/bytes/equals.ts": "3c3558c3ae85526f84510aa2b48ab2ad7bdd899e2e0f5b7a8ffc85acb3a6043a",
    "https://deno.land/std@0.166.0/bytes/mod.ts": "b2e342fd3669176a27a4e15061e9d588b89c1aaf5008ab71766e23669565d179",
    "https://deno.land/std@0.166.0/encoding/base64.ts": "c57868ca7fa2fbe919f57f88a623ad34e3d970d675bdc1ff3a9d02bba7409db2",
    "https://deno.land/std@0.166.0/encoding/base64url.ts": "a5f82a9fa703bd85a5eb8e7c1296bc6529e601ebd9642cc2b5eaa6b38fa9e05a",
    "https://deno.land/std@0.166.0/fmt/colors.ts": "9e36a716611dcd2e4865adea9c4bec916b5c60caad4cdcdc630d4974e6bb8bd4",
    "https://deno.land/std@0.166.0/fs/exists.ts": "6a447912e49eb79cc640adacfbf4b0baf8e17ede6d5bed057062ce33c4fa0d68",
    "https://deno.land/std@0.166.0/http/server.ts": "e99c1bee8a3f6571ee4cdeb2966efad465b8f6fe62bec1bdb59c1f007cc4d155",
    "https://deno.land/std@0.166.0/io/buffer.ts": "245f1762a949082ddc0a6e9b15589d0be2d29c150266decd04320b8a8318f9f6",
    "https://deno.land/std@0.166.0/io/types.d.ts": "107e1e64834c5ba917c783f446b407d33432c5d612c4b3430df64fc2b4ecf091",
    "https://deno.land/std@0.166.0/log/handlers.ts": "61ab932822ba268ad42b25de6f0014892fe469df7627b14245ad32db6fd8b54d",
    "https://deno.land/std@0.166.0/log/levels.ts": "82c965b90f763b5313e7595d4ba78d5095a13646d18430ebaf547526131604d1",
    "https://deno.land/std@0.166.0/log/logger.ts": "b545159727b023825ee6814d9178fb2a7472f8d95d704c253b771b95c658cf8c",
    "https://deno.land/std@0.166.0/log/mod.ts": "90618a3fdbb4520ed4e7d960665322a3dbfc107eebb3345fe0f36c8c8a7b7962",
    "https://deno.land/std@0.166.0/node/_utils.ts": "1085a229e910b3a6672f3c3be05507591811dc67be2ae2188e9fc9ef4376b172",
    "https://deno.land/std@0.166.0/node/buffer.ts": "43f07b2d1523345bf35b7deb7fcdad6e916020a631a7bc1b5efcaff556db4e1d",
    "https://deno.land/std@0.166.0/node/internal/buffer.d.ts": "90f674081428a61978b6d481c5f557ff743a3f4a85d7ae113caab48fdf5b8a63",
    "https://deno.land/std@0.166.0/node/internal/buffer.mjs": "70b74b34f1617b3492aee6dec35c7bdabbf26e034bfcf640aa61b3d63c5c850f",
    "https://deno.land/std@0.166.0/node/internal/crypto/_keys.ts": "63229ff3d8d15b5bd0a1d2ebc19313cbb8ac969875bf16df1ce4f2b497d74fb5",
    "https://deno.land/std@0.166.0/node/internal/crypto/constants.ts": "d2c8821977aef55e4d66414d623c24a2447791a8b49b6404b8db32d81e20c315",
    "https://deno.land/std@0.166.0/node/internal/error_codes.ts": "ac03c4eae33de3a69d6c98e8678003207eecf75a6900eb847e3fea3c8c9e6d8f",
    "https://deno.land/std@0.166.0/node/internal/errors.ts": "b9aec7d1fe3eaf21322d0ea9dc2fcb344055d6b0c7a1bd0f62a0c379a5baa799",
    "https://deno.land/std@0.166.0/node/internal/hide_stack_frames.ts": "a91962ec84610bc7ec86022c4593cdf688156a5910c07b5bcd71994225c13a03",
    "https://deno.land/std@0.166.0/node/internal/normalize_encoding.mjs": "3779ec8a7adf5d963b0224f9b85d1bc974a2ec2db0e858396b5d3c2c92138a0a",
    "https://deno.land/std@0.166.0/node/internal/primordials.mjs": "7cf5afe471583e4a384eeea109bdff276b6b7f3a3af830f99f951fb7d57ef423",
    "https://deno.land/std@0.166.0/node/internal/util.mjs": "35d24fb775468cd24443bcf0ec68904b8aa44e5b53845491a5e3382421917f9a",
    "https://deno.land/std@0.166.0/node/internal/util/inspect.mjs": "1ddace0c97719d2cc0869ba177d375e96051301352ec235cbfb2ecbfcd4e8fba",
    "https://deno.land/std@0.166.0/node/internal/util/types.ts": "de6e2b7f9b9985ab881b1e78f05ae51d1fc829ae1584063df21e57b35312f3c4",
    "https://deno.land/std@0.166.0/node/internal/validators.mjs": "67deae0f488d013c8bf485742a5478112b8e48837cb2458c4a8b2669cf7017db",
    "https://deno.land/std@0.166.0/node/internal_binding/_libuv_winerror.ts": "801e05c2742ae6cd42a5f0fd555a255a7308a65732551e962e5345f55eedc519",
    "https://deno.land/std@0.166.0/node/internal_binding/_node.ts": "e4075ba8a37aef4eb5b592c8e3807c39cb49ca8653faf8e01a43421938076c1b",
    "https://deno.land/std@0.166.0/node/internal_binding/_utils.ts": "1c50883b5751a9ea1b38951e62ed63bacfdc9d69ea665292edfa28e1b1c5bd94",
    "https://deno.land/std@0.166.0/node/internal_binding/_winerror.ts": "8811d4be66f918c165370b619259c1f35e8c3e458b8539db64c704fbde0a7cd2",
    "https://deno.land/std@0.166.0/node/internal_binding/buffer.ts": "781e1d13adc924864e6e37ecb5152e8a4e994cf394695136e451c47f00bda76c",
    "https://deno.land/std@0.166.0/node/internal_binding/constants.ts": "1ad4de9f76733320527c8bc841b5e4dd5869424924384157a72f3b171bd05b08",
    "https://deno.land/std@0.166.0/node/internal_binding/string_decoder.ts": "5cb1863763d1e9b458bc21d6f976f16d9c18b3b3f57eaf0ade120aee38fba227",
    "https://deno.land/std@0.166.0/node/internal_binding/types.ts": "4c26fb74ba2e45de553c15014c916df6789529a93171e450d5afb016b4c765e7",
    "https://deno.land/std@0.166.0/node/internal_binding/util.ts": "faf5146c3cc3b2d6c26026a818b4a16e91488ab26e63c069f36ba3c3ae24c97b",
    "https://deno.land/std@0.166.0/node/internal_binding/uv.ts": "27922aaec43de314afd99dfca1ce8f4d51ced9f5195e4917b54d387766404f61",
    "https://deno.land/std@0.166.0/testing/_diff.ts": "a23e7fc2b4d8daa3e158fa06856bedf5334ce2a2831e8bf9e509717f455adb2c",
    "https://deno.land/std@0.166.0/testing/_format.ts": "cd11136e1797791045e639e9f0f4640d5b4166148796cad37e6ef75f7d7f3832",
    "https://deno.land/std@0.166.0/testing/asserts.ts": "1e340c589853e82e0807629ba31a43c84ebdcdeca910c4a9705715dfdb0f5ce8",
    "https://deno.land/x/bcrypt@v0.4.1/mod.ts": "ff09bdae282583cf5f7d87efe37ddcecef7f14f6d12e8b8066a3058db8c6c2f7",
    "https://deno.land/x/bcrypt@v0.4.1/src/bcrypt/base64.ts": "b8266450a4f1eb6960f60f2f7986afc4dde6b45bd2d7ee7ba10789e67e17b9f7",
    "https://deno.land/x/bcrypt@v0.4.1/src/bcrypt/bcrypt.ts": "ec221648cc6453ea5e3803bc817c01157dada06aa6f7a0ba6b9f87aae32b21e2",
    "https://deno.land/x/bcrypt@v0.4.1/src/main.ts": "08d201b289c8d9c46f8839c69cd6625b213863db29775c7a200afc3b540e64f8",
    "https://deno.land/x/bcrypt@v0.4.1/src/worker.ts": "5a73bdfee9c9e622f47c9733d374b627dce52fb3ec1e74c8226698b3fc57ffac",
    "https://deno.land/x/hono@v2.3.1/compose.ts": "406b7046304159df445748b7c54baff46000d2282494752bd379479d670e74b4",
    "https://deno.land/x/hono@v2.3.1/context.ts": "7d3219f67a407dd0f62c6111942277f291192457f7528129302ce5407d1644c4",
    "https://deno.land/x/hono@v2.3.1/deno/serve-static.ts": "4eb50f8da4b00bd0012c24032bb6dafadb0ce815418111f2e39c8403d9e3c969",
    "https://deno.land/x/hono@v2.3.1/hono.ts": "d73308649942a912ba29553d631383af476c8e4c6c68fa5badbf4c4fb06588ac",
    "https://deno.land/x/hono@v2.3.1/middleware.ts": "a1271fcd6a6d217e32d3110bb3a14073d7e36cb43faee951467826df5d987154",
    "https://deno.land/x/hono@v2.3.1/middleware/basic-auth/index.ts": "e68f0f47008ffa4634c48b558ce8d9b8a90a96f1d9073c2c8a4b8f2b5d7da350",
    "https://deno.land/x/hono@v2.3.1/middleware/bearer-auth/index.ts": "9a53ba0cb79a971d5968c5b85d1915c023300c4340917b3bcd3e092dc42f8a6c",
    "https://deno.land/x/hono@v2.3.1/middleware/cache/index.ts": "235b6f0f7b6446f0d43ab3c936de0d44c3d002ec338c1cb57a6f02b86e9c3e98",
    "https://deno.land/x/hono@v2.3.1/middleware/compress/index.ts": "03b438c2cac5a9bb9fde72431b51b3c7ac6ac374b34f268cbbb6dfacf0ca2c6d",
    "https://deno.land/x/hono@v2.3.1/middleware/cors/index.ts": "6724a6fb18893d480c2a68a19fc7417ede026c55a4c7059f9c5115d10ee2fdb8",
    "https://deno.land/x/hono@v2.3.1/middleware/etag/index.ts": "e0dda40aa1c22313a967e984e8d13cc8648f95e1eebaada936a3eaf9446e1a21",
    "https://deno.land/x/hono@v2.3.1/middleware/html/index.ts": "bfaf90e83998594e5482502fd0c0a81d104931409234fc9e9aa79feba6746dd7",
    "https://deno.land/x/hono@v2.3.1/middleware/jsx/index.ts": "10978f16a3747b77b6b56859e750a0896d7b1369056d34b77934498d65c82598",
    "https://deno.land/x/hono@v2.3.1/middleware/jwt/index.ts": "8e13ef936c17cce34d1177c0287ac17084a15d7a8c2a8811b45b1a319ccdd438",
    "https://deno.land/x/hono@v2.3.1/middleware/logger/index.ts": "33497ae3a0e8c499cffad936403f0830d7b69e43609946efb0b1d1b156c20e6e",
    "https://deno.land/x/hono@v2.3.1/middleware/powered-by/index.ts": "3c5c0e3892326fe8ba9fcb21af21a1db0f0a24bf9b39abb6c75152e842e9889b",
    "https://deno.land/x/hono@v2.3.1/middleware/pretty-json/index.ts": "cc1ee5d80a47cb05f05bde193bc638dea40807a8110ecf58c1dc030d0443aa99",
    "https://deno.land/x/hono@v2.3.1/middleware/validator/index.ts": "15d56889c469479b64562c78e817e4e79fed1840018e00ee813d88c0bd811ff7",
    "https://deno.land/x/hono@v2.3.1/middleware/validator/middleware.ts": "1dd91758311c82ccf018ed9b680e19a7d5ae00e6e0ece5ad59fed07c3c010c22",
    "https://deno.land/x/hono@v2.3.1/middleware/validator/rule.ts": "34247d9977e1cd7bfa376e6e25a48639686b899301d6f773d6913faa991413e1",
    "https://deno.land/x/hono@v2.3.1/middleware/validator/sanitizer.ts": "da03fdd70baa6d2f178d616a9f35cea1028a15d1429339ee3c3f9eff9aded38f",
    "https://deno.land/x/hono@v2.3.1/middleware/validator/validator.ts": "9320fcfe6ab3579234057b6018a511ec4ae8d2e7f7dd7b2a05a41e167662d1d1",
    "https://deno.land/x/hono@v2.3.1/mod.ts": "b40fd7d8cca0181a1d1fd76c23eee76cb76a2cd256cf1aa7267d1e54c32f2c9b",
    "https://deno.land/x/hono@v2.3.1/request.ts": "de47e859a32005f067017dc788b5aa70f219295f278d123a62452b464a5af92f",
    "https://deno.land/x/hono@v2.3.1/router.ts": "21448bc2e6019574c10fae11237da4367037fa107e68bf3d049cd2fd0efd2adb",
    "https://deno.land/x/hono@v2.3.1/router/reg-exp-router/index.ts": "52755829213941756159b7a963097bafde5cc4fc22b13b1c7c9184dc0512d1db",
    "https://deno.land/x/hono@v2.3.1/router/reg-exp-router/node.ts": "08bb532ffe43e6e11510f9f66122baef43288f05f592b17987fc3a2dc195251a",
    "https://deno.land/x/hono@v2.3.1/router/reg-exp-router/router.ts": "74b095e244836039f88c1c80a080f7547bc9cd5382685215fd80a9732c03c501",
    "https://deno.land/x/hono@v2.3.1/router/reg-exp-router/trie.ts": "ab8a4ec6c3cdfdbcd1f53130db28b6174318bdfa815d57c792154203e71bc3d2",
    "https://deno.land/x/hono@v2.3.1/router/smart-router/index.ts": "74f9b4fe15ea535900f2b9b048581915f12fe94e531dd2b0032f5610e61c3bef",
    "https://deno.land/x/hono@v2.3.1/router/smart-router/router.ts": "1d54f5c87875d856ed5fc2d22a100e1ff31debe3e9d8e9b1cc18d8e5706239f2",
    "https://deno.land/x/hono@v2.3.1/router/static-router/index.ts": "f31aaebff3b2b05f00946d3a8b688289a43b5c2bfb124e54ffadeee6a24a1b52",
    "https://deno.land/x/hono@v2.3.1/router/static-router/router.ts": "6844ad31cc6459144e6bbb4ba35cf30c9295fb24090ec920ae58cf690ca563e4",
    "https://deno.land/x/hono@v2.3.1/router/trie-router/index.ts": "3eb75e7f71ba81801631b30de6b1f5cefb2c7239c03797e2b2cbab5085911b41",
    "https://deno.land/x/hono@v2.3.1/router/trie-router/node.ts": "c96b96b57c8bf15093752939becdf99e3ee5d7cdb4304e5e44fa9ab090462ab0",
    "https://deno.land/x/hono@v2.3.1/router/trie-router/router.ts": "0a969528a0c1680b552b20f0ca90e484e968ac279be9d5fd952b61a804d680e7",
    "https://deno.land/x/hono@v2.3.1/utils/body.ts": "96967d8678ae0851d80bafe2025bbe06002a385fa9d3dbcbdb416fb14eab5cf4",
    "https://deno.land/x/hono@v2.3.1/utils/buffer.ts": "669673dee1963e93552de2c1daca367d97b6ed1b4acc03eecd06d1b471383a95",
    "https://deno.land/x/hono@v2.3.1/utils/cookie.ts": "545872bd7af3b455c24fd386ecbccfd161e7d4a0038d6b09b1bb22723602f90a",
    "https://deno.land/x/hono@v2.3.1/utils/crypto.ts": "b2c3c9b20133a73189ad3aefe9b1192091dd9620dde59112fe182bcb8ceeb277",
    "https://deno.land/x/hono@v2.3.1/utils/encode.ts": "5ae65216d19b1efd311c31f37840e4536a2258ba8ef8374ba9064a9d7ba9dd6a",
    "https://deno.land/x/hono@v2.3.1/utils/filepath.ts": "5f708bb6a2f0b8e83a3333868ac86abdfba15e52b46acb5e13018fa2138f0826",
    "https://deno.land/x/hono@v2.3.1/utils/html.ts": "636c4a04eaea1c52c14a37cd28d83cba66b293d1e31420a4475e951268901ae4",
    "https://deno.land/x/hono@v2.3.1/utils/http-status.ts": "2d6003e352c1fe918db663fa4bd2b20bf0b9d4e1699ba5e163f317f00b29d938",
    "https://deno.land/x/hono@v2.3.1/utils/json.ts": "ae34c6191e7a844f04a95efaffb177b6a15a3bc5b17321c5679081940df6ab1d",
    "https://deno.land/x/hono@v2.3.1/utils/jwt/index.ts": "5e4b82a42eb3603351dfce726cd781ca41cb57437395409d227131aec348d2d5",
    "https://deno.land/x/hono@v2.3.1/utils/jwt/jwt.ts": "4fefadfb914ad88282949d0cce2be16bdbd0b0614d15ecbb340c4fc47a9929b9",
    "https://deno.land/x/hono@v2.3.1/utils/jwt/types.ts": "715514fe59f0c37048b2940528bd4f4ec5795e04f0bc1d6d7e33f8d8bb1fe9de",
    "https://deno.land/x/hono@v2.3.1/utils/mime.ts": "d2f88124c998a1e0ce8a351081b3cb7ffd96224ddd2d5a0d4d69c02ba612f676",
    "https://deno.land/x/hono@v2.3.1/utils/object.ts": "f33b019691fb966d085545627cf471177a1ab334f4fbd489c01ba0df4c3de888",
    "https://deno.land/x/hono@v2.3.1/utils/url.ts": "120cfd1297f91dc269454ad4bc3fabb54593cd9994ec2e6c4f56b6d9018419a0",
    "https://deno.land/x/hono@v2.5.6/compose.ts": "6cf42a9779df9bb53294f796f07796961e2d70ed348cf0dd334669ac2de2fd95",
    "https://deno.land/x/hono@v2.5.6/context.ts": "d2329c68905d50f44b1be14eaef4143c796af41a7c22f7ad8f6382f2afa7e469",
    "https://deno.land/x/hono@v2.5.6/deno/serve-static.ts": "5460ccc3ebeafd8a1e0e96826c6c47ce6e6ee965f1b7217f5f14f466bded28c6",
    "https://deno.land/x/hono@v2.5.6/hono.ts": "2486d813eca2f629a71b67c9543b3261b4cb9997123b835906b3b7c223b4ce0d",
    "https://deno.land/x/hono@v2.5.6/middleware.ts": "a1271fcd6a6d217e32d3110bb3a14073d7e36cb43faee951467826df5d987154",
    "https://deno.land/x/hono@v2.5.6/middleware/basic-auth/index.ts": "35c80427798695b8f2dc0cbb6a34ef2b2aa169a8f6c31c5541ba6489592172c7",
    "https://deno.land/x/hono@v2.5.6/middleware/bearer-auth/index.ts": "e875eef34dfe68b608f39aa5767f507a8545ab27c9ae6a27984e1797d2a5eb52",
    "https://deno.land/x/hono@v2.5.6/middleware/cache/index.ts": "5f0e80036cf2b68ad458ad40333cea80ac3ff52f0763ef36dae3917f2370675d",
    "https://deno.land/x/hono@v2.5.6/middleware/compress/index.ts": "0b8ddbd70688361d5ef4e9418afa28affe2500a7f41a231a87873dad26ef5548",
    "https://deno.land/x/hono@v2.5.6/middleware/cors/index.ts": "52ea6e40bc882c9a5a57b85160f39172f762b28aec5964525e7082810e888852",
    "https://deno.land/x/hono@v2.5.6/middleware/etag/index.ts": "e679c30ddd2600087521a7c1dac3798c2319c09d203bb627b54357b984fc72e7",
    "https://deno.land/x/hono@v2.5.6/middleware/html/index.ts": "bfaf90e83998594e5482502fd0c0a81d104931409234fc9e9aa79feba6746dd7",
    "https://deno.land/x/hono@v2.5.6/middleware/jsx/index.ts": "10978f16a3747b77b6b56859e750a0896d7b1369056d34b77934498d65c82598",
    "https://deno.land/x/hono@v2.5.6/middleware/jwt/index.ts": "7887ae3b0094505bbe0b25d01bb8ab4cea235babfcc1132dbdf91460d9a90401",
    "https://deno.land/x/hono@v2.5.6/middleware/logger/index.ts": "fc825765a0ffe1a2a062d7886bf1807d69b2bc6eeb0e585904d7d0132c7347a9",
    "https://deno.land/x/hono@v2.5.6/middleware/powered-by/index.ts": "7ec561885ac0410786f78aeb9789ed7869edb2d43c615cbc3d14f21baee87359",
    "https://deno.land/x/hono@v2.5.6/middleware/pretty-json/index.ts": "f4a4b2fa2ecb73e23da6f0ef716fe7d6a7f05c69f64dc7f89fc68cbcb204a87f",
    "https://deno.land/x/hono@v2.5.6/middleware/validator/index.ts": "15d56889c469479b64562c78e817e4e79fed1840018e00ee813d88c0bd811ff7",
    "https://deno.land/x/hono@v2.5.6/middleware/validator/middleware.ts": "48b32dbb508e641476a9009d26f0843ea9db5dd601499e76c26b1b4a9936e2a2",
    "https://deno.land/x/hono@v2.5.6/mod.ts": "4def73aa535cc0a4d9caea71d9cc6041e51aa82120644adf6c3377b85b09693d",
    "https://deno.land/x/hono@v2.5.6/request.ts": "6e728cc022e0f1aaf32cb1230394e1582fc9d639a3e70e41bc0ca51acc674d73",
    "https://deno.land/x/hono@v2.5.6/router.ts": "21448bc2e6019574c10fae11237da4367037fa107e68bf3d049cd2fd0efd2adb",
    "https://deno.land/x/hono@v2.5.6/router/reg-exp-router/index.ts": "52755829213941756159b7a963097bafde5cc4fc22b13b1c7c9184dc0512d1db",
    "https://deno.land/x/hono@v2.5.6/router/reg-exp-router/node.ts": "08bb532ffe43e6e11510f9f66122baef43288f05f592b17987fc3a2dc195251a",
    "https://deno.land/x/hono@v2.5.6/router/reg-exp-router/router.ts": "abdbdd8c28f5cc4523a066bb4ccdac380a4026b5dfa1179f5564788b7d1c0310",
    "https://deno.land/x/hono@v2.5.6/router/reg-exp-router/trie.ts": "ab8a4ec6c3cdfdbcd1f53130db28b6174318bdfa815d57c792154203e71bc3d2",
    "https://deno.land/x/hono@v2.5.6/router/smart-router/index.ts": "74f9b4fe15ea535900f2b9b048581915f12fe94e531dd2b0032f5610e61c3bef",
    "https://deno.land/x/hono@v2.5.6/router/smart-router/router.ts": "1d54f5c87875d856ed5fc2d22a100e1ff31debe3e9d8e9b1cc18d8e5706239f2",
    "https://deno.land/x/hono@v2.5.6/router/static-router/index.ts": "f31aaebff3b2b05f00946d3a8b688289a43b5c2bfb124e54ffadeee6a24a1b52",
    "https://deno.land/x/hono@v2.5.6/router/static-router/router.ts": "75a15b2964dc90a46aed7b313f8760b60af5d5e8a819c3a948b4ad8d3fdb7662",
    "https://deno.land/x/hono@v2.5.6/router/trie-router/index.ts": "3eb75e7f71ba81801631b30de6b1f5cefb2c7239c03797e2b2cbab5085911b41",
    "https://deno.land/x/hono@v2.5.6/router/trie-router/node.ts": "c96b96b57c8bf15093752939becdf99e3ee5d7cdb4304e5e44fa9ab090462ab0",
    "https://deno.land/x/hono@v2.5.6/router/trie-router/router.ts": "0a969528a0c1680b552b20f0ca90e484e968ac279be9d5fd952b61a804d680e7",
    "https://deno.land/x/hono@v2.5.6/types.ts": "3ef12bf7edabc0b7e71d7fccc72d3f4d54b1677374bbab9565f4d3e1835d0200",
    "https://deno.land/x/hono@v2.5.6/utils/body.ts": "095afd5b9cd8458bb78353479911a428a23acbef1ffd545483f7b051c08a9fc0",
    "https://deno.land/x/hono@v2.5.6/utils/buffer.ts": "669673dee1963e93552de2c1daca367d97b6ed1b4acc03eecd06d1b471383a95",
    "https://deno.land/x/hono@v2.5.6/utils/cookie.ts": "545872bd7af3b455c24fd386ecbccfd161e7d4a0038d6b09b1bb22723602f90a",
    "https://deno.land/x/hono@v2.5.6/utils/crypto.ts": "bda0e141bbe46d3a4a20f8fbcb6380d473b617123d9fdfa93e4499410b537acc",
    "https://deno.land/x/hono@v2.5.6/utils/encode.ts": "3452209fa638a8f1a01ad95b55a19c362ec19aee03db1ad2037e46a9732afd79",
    "https://deno.land/x/hono@v2.5.6/utils/filepath.ts": "5f708bb6a2f0b8e83a3333868ac86abdfba15e52b46acb5e13018fa2138f0826",
    "https://deno.land/x/hono@v2.5.6/utils/html.ts": "636c4a04eaea1c52c14a37cd28d83cba66b293d1e31420a4475e951268901ae4",
    "https://deno.land/x/hono@v2.5.6/utils/http-status.ts": "2d6003e352c1fe918db663fa4bd2b20bf0b9d4e1699ba5e163f317f00b29d938",
    "https://deno.land/x/hono@v2.5.6/utils/json.ts": "ae34c6191e7a844f04a95efaffb177b6a15a3bc5b17321c5679081940df6ab1d",
    "https://deno.land/x/hono@v2.5.6/utils/jwt/index.ts": "5e4b82a42eb3603351dfce726cd781ca41cb57437395409d227131aec348d2d5",
    "https://deno.land/x/hono@v2.5.6/utils/jwt/jwt.ts": "4fefadfb914ad88282949d0cce2be16bdbd0b0614d15ecbb340c4fc47a9929b9",
    "https://deno.land/x/hono@v2.5.6/utils/jwt/types.ts": "715514fe59f0c37048b2940528bd4f4ec5795e04f0bc1d6d7e33f8d8bb1fe9de",
    "https://deno.land/x/hono@v2.5.6/utils/mime.ts": "d2f88124c998a1e0ce8a351081b3cb7ffd96224ddd2d5a0d4d69c02ba612f676",
    "https://deno.land/x/hono@v2.5.6/utils/object.ts": "f33b019691fb966d085545627cf471177a1ab334f4fbd489c01ba0df4c3de888",
    "https://deno.land/x/hono@v2.5.6/utils/url.ts": "120cfd1297f91dc269454ad4bc3fabb54593cd9994ec2e6c4f56b6d9018419a0",
    "https://deno.land/x/hono@v2.5.6/validator/rule.ts": "34247d9977e1cd7bfa376e6e25a48639686b899301d6f773d6913faa991413e1",
    "https://deno.land/x/hono@v2.5.6/validator/sanitizer.ts": "da03fdd70baa6d2f178d616a9f35cea1028a15d1429339ee3c3f9eff9aded38f",
    "https://deno.land/x/hono@v2.5.6/validator/schema.ts": "d271be232a223b66bdb946995891a4ab22d8d9067ab2573a181133bedfb8f209",
    "https://deno.land/x/hono@v2.5.6/validator/validator.ts": "66162646d499e91536fadecf064f5f08ee6542d7027da4d58e6153bd4c6c89da",
    "https://deno.land/x/sqlite@v3.5.0/build/sqlite.d.ts": "b52e6b5ea2e0517750be2ea1eae8da0edd5056c1f285247aa1c0153f4ef504ec",
    "https://deno.land/x/sqlite@v3.5.0/build/sqlite.js": "15eccc8f1cfb735f9a13b600fc20cf5ec93765439da50ef835328f2070b6655d",
    "https://deno.land/x/sqlite@v3.5.0/build/vfs.js": "01bae9acd531a68590479da0571b68e71357922a1e2f5ef91382ea3f2b22a3f5",
    "https://deno.land/x/sqlite@v3.5.0/mod.ts": "eb55ff3e103826ee735fa1a8ec2db6e96c8fec826faf198239c66a0fe635c4b6",
    "https://deno.land/x/sqlite@v3.5.0/src/constants.ts": "b967237b460fafa03ca03aeddb33953bed41c7cbdc309a934e2329a5c84079ac",
    "https://deno.land/x/sqlite@v3.5.0/src/db.ts": "baddd7daa17bf5958c903f3232d595ca0f71b51beca54b149a6713fb6f9d3a96",
    "https://deno.land/x/sqlite@v3.5.0/src/error.ts": "3ab5f334d78be42a28cb075f331f6080a99917c3ea43c28fb63abdc81ef52a02",
    "https://deno.land/x/sqlite@v3.5.0/src/query.ts": "a83c95cf9d74cff4abb1274c7bb370cc9aebf48be883a643b354276018d53468",
    "https://deno.land/x/sqlite@v3.5.0/src/wasm.ts": "e79d0baa6e42423257fb3c7cc98091c54399254867e0f34a09b5bdef37bd9487",
    "https://deno.land/x/sqlite@v3.7.0/build/sqlite.d.ts": "12908ced1670f96d5dc39aebb0d659630136fa6523881e4712cfb20b122dd324",
    "https://deno.land/x/sqlite@v3.7.0/build/sqlite.js": "cc55fef9cd124b2acb624899a5fad413834f4701bcfc21ac275844b822466292",
    "https://deno.land/x/sqlite@v3.7.0/build/vfs.js": "08533cc78fb29b9d9bd62f6bb93e5ef333407013fed185776808f11223ba0e70",
    "https://deno.land/x/sqlite@v3.7.0/mod.ts": "e09fc79d8065fe222578114b109b1fd60077bff1bb75448532077f784f4d6a83",
    "https://deno.land/x/sqlite@v3.7.0/src/constants.ts": "90f3be047ec0a89bcb5d6fc30db121685fc82cb00b1c476124ff47a4b0472aa9",
    "https://deno.land/x/sqlite@v3.7.0/src/db.ts": "87e3d222d00dd2e2827816a47976c6359996ab39e69c7f87855ea414585839c6",
    "https://deno.land/x/sqlite@v3.7.0/src/error.ts": "f7a15cb00d7c3797da1aefee3cf86d23e0ae92e73f0ba3165496c3816ab9503a",
    "https://deno.land/x/sqlite@v3.7.0/src/function.ts": "e4c83b8ec64bf88bafad2407376b0c6a3b54e777593c70336fb40d43a79865f2",
    "https://deno.land/x/sqlite@v3.7.0/src/query.ts": "69895232360b4254a8834e3bbea30bc3752cf691dba862f4a393e7a41a2e30eb",
    "https://deno.land/x/sqlite@v3.7.0/src/wasm.ts": "e79d0baa6e42423257fb3c7cc98091c54399254867e0f34a09b5bdef37bd9487"
  }
}
